// !$*UTF8*$!
{
	archiveVersion = 1;
	classes = {
	};
	objectVersion = 50;
	objects = {

/* Begin PBXBuildFile section */
		D2667FE1258A03E0003FE9A0 /* AppDelegate.swift in Sources */ = {isa = PBXBuildFile; fileRef = D2667FE0258A03E0003FE9A0 /* AppDelegate.swift */; };
		D2667FE3258A03E0003FE9A0 /* SceneDelegate.swift in Sources */ = {isa = PBXBuildFile; fileRef = D2667FE2258A03E0003FE9A0 /* SceneDelegate.swift */; };
		D2667FE5258A03E0003FE9A0 /* ContentView.swift in Sources */ = {isa = PBXBuildFile; fileRef = D2667FE4258A03E0003FE9A0 /* ContentView.swift */; };
		D2667FE7258A03E2003FE9A0 /* Assets.xcassets in Resources */ = {isa = PBXBuildFile; fileRef = D2667FE6258A03E2003FE9A0 /* Assets.xcassets */; };
		D2667FEA258A03E2003FE9A0 /* Preview Assets.xcassets in Resources */ = {isa = PBXBuildFile; fileRef = D2667FE9258A03E2003FE9A0 /* Preview Assets.xcassets */; };
		D2667FED258A03E2003FE9A0 /* LaunchScreen.storyboard in Resources */ = {isa = PBXBuildFile; fileRef = D2667FEB258A03E2003FE9A0 /* LaunchScreen.storyboard */; };
		D2667FFA258A0B36003FE9A0 /* resorts.json in Resources */ = {isa = PBXBuildFile; fileRef = D2667FF9258A0B36003FE9A0 /* resorts.json */; };
		D2667FFD258A0B98003FE9A0 /* Resort.swift in Sources */ = {isa = PBXBuildFile; fileRef = D2667FFC258A0B98003FE9A0 /* Resort.swift */; };
		D2668000258A0C48003FE9A0 /* Bundle-Decodable.swift in Sources */ = {isa = PBXBuildFile; fileRef = D2667FFF258A0C48003FE9A0 /* Bundle-Decodable.swift */; };
		D2668003258A0FF3003FE9A0 /* WelcomeView.swift in Sources */ = {isa = PBXBuildFile; fileRef = D2668002258A0FF3003FE9A0 /* WelcomeView.swift */; };
		D2668006258A120B003FE9A0 /* ResortView.swift in Sources */ = {isa = PBXBuildFile; fileRef = D2668005258A120B003FE9A0 /* ResortView.swift */; };
		D2668009258A1353003FE9A0 /* SkiDetailsView.swift in Sources */ = {isa = PBXBuildFile; fileRef = D2668008258A1353003FE9A0 /* SkiDetailsView.swift */; };
		D266800C258A13B7003FE9A0 /* ResortDetailsView.swift in Sources */ = {isa = PBXBuildFile; fileRef = D266800B258A13B7003FE9A0 /* ResortDetailsView.swift */; };
		D266800F258A2938003FE9A0 /* Facility.swift in Sources */ = {isa = PBXBuildFile; fileRef = D266800E258A2938003FE9A0 /* Facility.swift */; };
		D2668012258A2EC6003FE9A0 /* Favorites.swift in Sources */ = {isa = PBXBuildFile; fileRef = D2668011258A2EC6003FE9A0 /* Favorites.swift */; };
/* End PBXBuildFile section */

/* Begin PBXFileReference section */
		D2667FDD258A03E0003FE9A0 /* SnowSeeker.app */ = {isa = PBXFileReference; explicitFileType = wrapper.application; includeInIndex = 0; path = SnowSeeker.app; sourceTree = BUILT_PRODUCTS_DIR; };
		D2667FE0258A03E0003FE9A0 /* AppDelegate.swift */ = {isa = PBXFileReference; lastKnownFileType = sourcecode.swift; path = AppDelegate.swift; sourceTree = "<group>"; };
		D2667FE2258A03E0003FE9A0 /* SceneDelegate.swift */ = {isa = PBXFileReference; lastKnownFileType = sourcecode.swift; path = SceneDelegate.swift; sourceTree = "<group>"; };
		D2667FE4258A03E0003FE9A0 /* ContentView.swift */ = {isa = PBXFileReference; lastKnownFileType = sourcecode.swift; path = ContentView.swift; sourceTree = "<group>"; };
		D2667FE6258A03E2003FE9A0 /* Assets.xcassets */ = {isa = PBXFileReference; lastKnownFileType = folder.assetcatalog; path = Assets.xcassets; sourceTree = "<group>"; };
		D2667FE9258A03E2003FE9A0 /* Preview Assets.xcassets */ = {isa = PBXFileReference; lastKnownFileType = folder.assetcatalog; path = "Preview Assets.xcassets"; sourceTree = "<group>"; };
		D2667FEC258A03E2003FE9A0 /* Base */ = {isa = PBXFileReference; lastKnownFileType = file.storyboard; name = Base; path = Base.lproj/LaunchScreen.storyboard; sourceTree = "<group>"; };
		D2667FEE258A03E2003FE9A0 /* Info.plist */ = {isa = PBXFileReference; lastKnownFileType = text.plist.xml; path = Info.plist; sourceTree = "<group>"; };
		D2667FF9258A0B36003FE9A0 /* resorts.json */ = {isa = PBXFileReference; fileEncoding = 4; lastKnownFileType = text.json; path = resorts.json; sourceTree = "<group>"; };
		D2667FFC258A0B98003FE9A0 /* Resort.swift */ = {isa = PBXFileReference; lastKnownFileType = sourcecode.swift; path = Resort.swift; sourceTree = "<group>"; };
		D2667FFF258A0C48003FE9A0 /* Bundle-Decodable.swift */ = {isa = PBXFileReference; lastKnownFileType = sourcecode.swift; path = "Bundle-Decodable.swift"; sourceTree = "<group>"; };
		D2668002258A0FF3003FE9A0 /* WelcomeView.swift */ = {isa = PBXFileReference; lastKnownFileType = sourcecode.swift; path = WelcomeView.swift; sourceTree = "<group>"; };
		D2668005258A120B003FE9A0 /* ResortView.swift */ = {isa = PBXFileReference; lastKnownFileType = sourcecode.swift; path = ResortView.swift; sourceTree = "<group>"; };
		D2668008258A1353003FE9A0 /* SkiDetailsView.swift */ = {isa = PBXFileReference; lastKnownFileType = sourcecode.swift; path = SkiDetailsView.swift; sourceTree = "<group>"; };
		D266800B258A13B7003FE9A0 /* ResortDetailsView.swift */ = {isa = PBXFileReference; lastKnownFileType = sourcecode.swift; path = ResortDetailsView.swift; sourceTree = "<group>"; };
		D266800E258A2938003FE9A0 /* Facility.swift */ = {isa = PBXFileReference; lastKnownFileType = sourcecode.swift; path = Facility.swift; sourceTree = "<group>"; };
		D2668011258A2EC6003FE9A0 /* Favorites.swift */ = {isa = PBXFileReference; lastKnownFileType = sourcecode.swift; path = Favorites.swift; sourceTree = "<group>"; };
/* End PBXFileReference section */

/* Begin PBXFrameworksBuildPhase section */
		D2667FDA258A03E0003FE9A0 /* Frameworks */ = {
			isa = PBXFrameworksBuildPhase;
			buildActionMask = 2147483647;
			files = (
			);
			runOnlyForDeploymentPostprocessing = 0;
		};
/* End PBXFrameworksBuildPhase section */

/* Begin PBXGroup section */
		D2667FD4258A03E0003FE9A0 = {
			isa = PBXGroup;
			children = (
				D2667FDF258A03E0003FE9A0 /* SnowSeeker */,
				D2667FDE258A03E0003FE9A0 /* Products */,
			);
			sourceTree = "<group>";
		};
		D2667FDE258A03E0003FE9A0 /* Products */ = {
			isa = PBXGroup;
			children = (
				D2667FDD258A03E0003FE9A0 /* SnowSeeker.app */,
			);
			name = Products;
			sourceTree = "<group>";
		};
		D2667FDF258A03E0003FE9A0 /* SnowSeeker */ = {
			isa = PBXGroup;
			children = (
				D2667FE0258A03E0003FE9A0 /* AppDelegate.swift */,
				D2668011258A2EC6003FE9A0 /* Favorites.swift */,
				D2667FE2258A03E0003FE9A0 /* SceneDelegate.swift */,
				D2667FE4258A03E0003FE9A0 /* ContentView.swift */,
				D2668008258A1353003FE9A0 /* SkiDetailsView.swift */,
				D266800B258A13B7003FE9A0 /* ResortDetailsView.swift */,
				D266800E258A2938003FE9A0 /* Facility.swift */,
				D2668005258A120B003FE9A0 /* ResortView.swift */,
				D2668002258A0FF3003FE9A0 /* WelcomeView.swift */,
				D2667FFC258A0B98003FE9A0 /* Resort.swift */,
				D2667FFF258A0C48003FE9A0 /* Bundle-Decodable.swift */,
				D2667FE6258A03E2003FE9A0 /* Assets.xcassets */,
				D2667FF9258A0B36003FE9A0 /* resorts.json */,
				D2667FEB258A03E2003FE9A0 /* LaunchScreen.storyboard */,
				D2667FEE258A03E2003FE9A0 /* Info.plist */,
				D2667FE8258A03E2003FE9A0 /* Preview Content */,
			);
			path = SnowSeeker;
			sourceTree = "<group>";
		};
		D2667FE8258A03E2003FE9A0 /* Preview Content */ = {
			isa = PBXGroup;
			children = (
				D2667FE9258A03E2003FE9A0 /* Preview Assets.xcassets */,
			);
			path = "Preview Content";
			sourceTree = "<group>";
		};
/* End PBXGroup section */

/* Begin PBXNativeTarget section */
		D2667FDC258A03E0003FE9A0 /* SnowSeeker */ = {
			isa = PBXNativeTarget;
			buildConfigurationList = D2667FF1258A03E2003FE9A0 /* Build configuration list for PBXNativeTarget "SnowSeeker" */;
			buildPhases = (
				D2667FD9258A03E0003FE9A0 /* Sources */,
				D2667FDA258A03E0003FE9A0 /* Frameworks */,
				D2667FDB258A03E0003FE9A0 /* Resources */,
			);
			buildRules = (
			);
			dependencies = (
			);
			name = SnowSeeker;
			productName = SnowSeeker;
			productReference = D2667FDD258A03E0003FE9A0 /* SnowSeeker.app */;
			productType = "com.apple.product-type.application";
		};
/* End PBXNativeTarget section */

/* Begin PBXProject section */
		D2667FD5258A03E0003FE9A0 /* Project object */ = {
			isa = PBXProject;
			attributes = {
				LastSwiftUpdateCheck = 1230;
				LastUpgradeCheck = 1230;
				TargetAttributes = {
					D2667FDC258A03E0003FE9A0 = {
						CreatedOnToolsVersion = 12.3;
					};
				};
			};
			buildConfigurationList = D2667FD8258A03E0003FE9A0 /* Build configuration list for PBXProject "SnowSeeker" */;
			compatibilityVersion = "Xcode 9.3";
			developmentRegion = en;
			hasScannedForEncodings = 0;
			knownRegions = (
				en,
				Base,
			);
			mainGroup = D2667FD4258A03E0003FE9A0;
			productRefGroup = D2667FDE258A03E0003FE9A0 /* Products */;
			projectDirPath = "";
			projectRoot = "";
			targets = (
				D2667FDC258A03E0003FE9A0 /* SnowSeeker */,
			);
		};
/* End PBXProject section */

/* Begin PBXResourcesBuildPhase section */
		D2667FDB258A03E0003FE9A0 /* Resources */ = {
			isa = PBXResourcesBuildPhase;
			buildActionMask = 2147483647;
			files = (
				D2667FED258A03E2003FE9A0 /* LaunchScreen.storyboard in Resources */,
				D2667FEA258A03E2003FE9A0 /* Preview Assets.xcassets in Resources */,
				D2667FFA258A0B36003FE9A0 /* resorts.json in Resources */,
				D2667FE7258A03E2003FE9A0 /* Assets.xcassets in Resources */,
			);
			runOnlyForDeploymentPostprocessing = 0;
		};
/* End PBXResourcesBuildPhase section */

/* Begin PBXSourcesBuildPhase section */
		D2667FD9258A03E0003FE9A0 /* Sources */ = {
			isa = PBXSourcesBuildPhase;
			buildActionMask = 2147483647;
			files = (
				D2667FE1258A03E0003FE9A0 /* AppDelegate.swift in Sources */,
				D2668003258A0FF3003FE9A0 /* WelcomeView.swift in Sources */,
				D266800F258A2938003FE9A0 /* Facility.swift in Sources */,
				D2667FE3258A03E0003FE9A0 /* SceneDelegate.swift in Sources */,
				D2668006258A120B003FE9A0 /* ResortView.swift in Sources */,
				D2668012258A2EC6003FE9A0 /* Favorites.swift in Sources */,
				D2668000258A0C48003FE9A0 /* Bundle-Decodable.swift in Sources */,
				D2667FFD258A0B98003FE9A0 /* Resort.swift in Sources */,
				D266800C258A13B7003FE9A0 /* ResortDetailsView.swift in Sources */,
				D2667FE5258A03E0003FE9A0 /* ContentView.swift in Sources */,
				D2668009258A1353003FE9A0 /* SkiDetailsView.swift in Sources */,
			);
			runOnlyForDeploymentPostprocessing = 0;
		};
/* End PBXSourcesBuildPhase section */

/* Begin PBXVariantGroup section */
		D2667FEB258A03E2003FE9A0 /* LaunchScreen.storyboard */ = {
			isa = PBXVariantGroup;
			children = (
				D2667FEC258A03E2003FE9A0 /* Base */,
			);
			name = LaunchScreen.storyboard;
			sourceTree = "<group>";
		};
/* End PBXVariantGroup section */

/* Begin XCBuildConfiguration section */
		D2667FEF258A03E2003FE9A0 /* Debug */ = {
			isa = XCBuildConfiguration;
			buildSettings = {
				ALWAYS_SEARCH_USER_PATHS = NO;
				CLANG_ANALYZER_NONNULL = YES;
				CLANG_ANALYZER_NUMBER_OBJECT_CONVERSION = YES_AGGRESSIVE;
				CLANG_CXX_LANGUAGE_STANDARD = "gnu++14";
				CLANG_CXX_LIBRARY = "libc++";
				CLANG_ENABLE_MODULES = YES;
				CLANG_ENABLE_OBJC_ARC = YES;
				CLANG_ENABLE_OBJC_WEAK = YES;
				CLANG_WARN_BLOCK_CAPTURE_AUTORELEASING = YES;
				CLANG_WARN_BOOL_CONVERSION = YES;
				CLANG_WARN_COMMA = YES;
				CLANG_WARN_CONSTANT_CONVERSION = YES;
				CLANG_WARN_DEPRECATED_OBJC_IMPLEMENTATIONS = YES;
				CLANG_WARN_DIRECT_OBJC_ISA_USAGE = YES_ERROR;
				CLANG_WARN_DOCUMENTATION_COMMENTS = YES;
				CLANG_WARN_EMPTY_BODY = YES;
				CLANG_WARN_ENUM_CONVERSION = YES;
				CLANG_WARN_INFINITE_RECURSION = YES;
				CLANG_WARN_INT_CONVERSION = YES;
				CLANG_WARN_NON_LITERAL_NULL_CONVERSION = YES;
				CLANG_WARN_OBJC_IMPLICIT_RETAIN_SELF = YES;
				CLANG_WARN_OBJC_LITERAL_CONVERSION = YES;
				CLANG_WARN_OBJC_ROOT_CLASS = YES_ERROR;
				CLANG_WARN_QUOTED_INCLUDE_IN_FRAMEWORK_HEADER = YES;
				CLANG_WARN_RANGE_LOOP_ANALYSIS = YES;
				CLANG_WARN_STRICT_PROTOTYPES = YES;
				CLANG_WARN_SUSPICIOUS_MOVE = YES;
				CLANG_WARN_UNGUARDED_AVAILABILITY = YES_AGGRESSIVE;
				CLANG_WARN_UNREACHABLE_CODE = YES;
				CLANG_WARN__DUPLICATE_METHOD_MATCH = YES;
				COPY_PHASE_STRIP = NO;
				DEBUG_INFORMATION_FORMAT = dwarf;
				ENABLE_STRICT_OBJC_MSGSEND = YES;
				ENABLE_TESTABILITY = YES;
				GCC_C_LANGUAGE_STANDARD = gnu11;
				GCC_DYNAMIC_NO_PIC = NO;
				GCC_NO_COMMON_BLOCKS = YES;
				GCC_OPTIMIZATION_LEVEL = 0;
				GCC_PREPROCESSOR_DEFINITIONS = (
					"DEBUG=1",
					"$(inherited)",
				);
				GCC_WARN_64_TO_32_BIT_CONVERSION = YES;
				GCC_WARN_ABOUT_RETURN_TYPE = YES_ERROR;
				GCC_WARN_UNDECLARED_SELECTOR = YES;
				GCC_WARN_UNINITIALIZED_AUTOS = YES_AGGRESSIVE;
				GCC_WARN_UNUSED_FUNCTION = YES;
				GCC_WARN_UNUSED_VARIABLE = YES;
				IPHONEOS_DEPLOYMENT_TARGET = 14.3;
				MTL_ENABLE_DEBUG_INFO = INCLUDE_SOURCE;
				MTL_FAST_MATH = YES;
				ONLY_ACTIVE_ARCH = YES;
				SDKROOT = iphoneos;
				SWIFT_ACTIVE_COMPILATION_CONDITIONS = DEBUG;
				SWIFT_OPTIMIZATION_LEVEL = "-Onone";
			};
			name = Debug;
		};
		D2667FF0258A03E2003FE9A0 /* Release */ = {
			isa = XCBuildConfiguration;
			buildSettings = {
				ALWAYS_SEARCH_USER_PATHS = NO;
				CLANG_ANALYZER_NONNULL = YES;
				CLANG_ANALYZER_NUMBER_OBJECT_CONVERSION = YES_AGGRESSIVE;
				CLANG_CXX_LANGUAGE_STANDARD = "gnu++14";
				CLANG_CXX_LIBRARY = "libc++";
				CLANG_ENABLE_MODULES = YES;
				CLANG_ENABLE_OBJC_ARC = YES;
				CLANG_ENABLE_OBJC_WEAK = YES;
				CLANG_WARN_BLOCK_CAPTURE_AUTORELEASING = YES;
				CLANG_WARN_BOOL_CONVERSION = YES;
				CLANG_WARN_COMMA = YES;
				CLANG_WARN_CONSTANT_CONVERSION = YES;
				CLANG_WARN_DEPRECATED_OBJC_IMPLEMENTATIONS = YES;
				CLANG_WARN_DIRECT_OBJC_ISA_USAGE = YES_ERROR;
				CLANG_WARN_DOCUMENTATION_COMMENTS = YES;
				CLANG_WARN_EMPTY_BODY = YES;
				CLANG_WARN_ENUM_CONVERSION = YES;
				CLANG_WARN_INFINITE_RECURSION = YES;
				CLANG_WARN_INT_CONVERSION = YES;
				CLANG_WARN_NON_LITERAL_NULL_CONVERSION = YES;
				CLANG_WARN_OBJC_IMPLICIT_RETAIN_SELF = YES;
				CLANG_WARN_OBJC_LITERAL_CONVERSION = YES;
				CLANG_WARN_OBJC_ROOT_CLASS = YES_ERROR;
				CLANG_WARN_QUOTED_INCLUDE_IN_FRAMEWORK_HEADER = YES;
				CLANG_WARN_RANGE_LOOP_ANALYSIS = YES;
				CLANG_WARN_STRICT_PROTOTYPES = YES;
				CLANG_WARN_SUSPICIOUS_MOVE = YES;
				CLANG_WARN_UNGUARDED_AVAILABILITY = YES_AGGRESSIVE;
				CLANG_WARN_UNREACHABLE_CODE = YES;
				CLANG_WARN__DUPLICATE_METHOD_MATCH = YES;
				COPY_PHASE_STRIP = NO;
				DEBUG_INFORMATION_FORMAT = "dwarf-with-dsym";
				ENABLE_NS_ASSERTIONS = NO;
				ENABLE_STRICT_OBJC_MSGSEND = YES;
				GCC_C_LANGUAGE_STANDARD = gnu11;
				GCC_NO_COMMON_BLOCKS = YES;
				GCC_WARN_64_TO_32_BIT_CONVERSION = YES;
				GCC_WARN_ABOUT_RETURN_TYPE = YES_ERROR;
				GCC_WARN_UNDECLARED_SELECTOR = YES;
				GCC_WARN_UNINITIALIZED_AUTOS = YES_AGGRESSIVE;
				GCC_WARN_UNUSED_FUNCTION = YES;
				GCC_WARN_UNUSED_VARIABLE = YES;
				IPHONEOS_DEPLOYMENT_TARGET = 14.3;
				MTL_ENABLE_DEBUG_INFO = NO;
				MTL_FAST_MATH = YES;
				SDKROOT = iphoneos;
				SWIFT_COMPILATION_MODE = wholemodule;
				SWIFT_OPTIMIZATION_LEVEL = "-O";
				VALIDATE_PRODUCT = YES;
			};
			name = Release;
		};
		D2667FF2258A03E2003FE9A0 /* Debug */ = {
			isa = XCBuildConfiguration;
			buildSettings = {
				ASSETCATALOG_COMPILER_APPICON_NAME = AppIcon;
				ASSETCATALOG_COMPILER_GLOBAL_ACCENT_COLOR_NAME = AccentColor;
				CODE_SIGN_STYLE = Automatic;
				DEVELOPMENT_ASSET_PATHS = "\"SnowSeeker/Preview Content\"";
				DEVELOPMENT_TEAM = ZNJLA663G8;
				ENABLE_PREVIEWS = YES;
				INFOPLIST_FILE = SnowSeeker/Info.plist;
				LD_RUNPATH_SEARCH_PATHS = (
					"$(inherited)",
					"@executable_path/Frameworks",
				);
				PRODUCT_BUNDLE_IDENTIFIER = com.midnightnoon.SnowSeeker;
				PRODUCT_NAME = "$(TARGET_NAME)";
				SWIFT_VERSION = 5.0;
				TARGETED_DEVICE_FAMILY = "1,2";
			};
			name = Debug;
		};
		D2667FF3258A03E2003FE9A0 /* Release */ = {
			isa = XCBuildConfiguration;
			buildSettings = {
				ASSETCATALOG_COMPILER_APPICON_NAME = AppIcon;
				ASSETCATALOG_COMPILER_GLOBAL_ACCENT_COLOR_NAME = AccentColor;
				CODE_SIGN_STYLE = Automatic;
				DEVELOPMENT_ASSET_PATHS = "\"SnowSeeker/Preview Content\"";
				DEVELOPMENT_TEAM = ZNJLA663G8;
				ENABLE_PREVIEWS = YES;
				INFOPLIST_FILE = SnowSeeker/Info.plist;
				LD_RUNPATH_SEARCH_PATHS = (
					"$(inherited)",
					"@executable_path/Frameworks",
				);
				PRODUCT_BUNDLE_IDENTIFIER = com.midnightnoon.SnowSeeker;
				PRODUCT_NAME = "$(TARGET_NAME)";
				SWIFT_VERSION = 5.0;
				TARGETED_DEVICE_FAMILY = "1,2";
			};
			name = Release;
		};
/* End XCBuildConfiguration section */

/* Begin XCConfigurationList section */
		D2667FD8258A03E0003FE9A0 /* Build configuration list for PBXProject "SnowSeeker" */ = {
			isa = XCConfigurationList;
			buildConfigurations = (
				D2667FEF258A03E2003FE9A0 /* Debug */,
				D2667FF0258A03E2003FE9A0 /* Release */,
			);
			defaultConfigurationIsVisible = 0;
			defaultConfigurationName = Release;
		};
		D2667FF1258A03E2003FE9A0 /* Build configuration list for PBXNativeTarget "SnowSeeker" */ = {
			isa = XCConfigurationList;
			buildConfigurations = (
				D2667FF2258A03E2003FE9A0 /* Debug */,
				D2667FF3258A03E2003FE9A0 /* Release */,
			);
			defaultConfigurationIsVisible = 0;
			defaultConfigurationName = Release;
		};
/* End XCConfigurationList section */
	};
	rootObject = D2667FD5258A03E0003FE9A0 /* Project object */;
}
