// !$*UTF8*$!
{
	archiveVersion = 1;
	classes = {
	};
	objectVersion = 50;
	objects = {

/* Begin PBXBuildFile section */
		D28E3C8E25385794002C4BE5 /* TrackItApp.swift in Sources */ = {isa = PBXBuildFile; fileRef = D28E3C8D25385794002C4BE5 /* TrackItApp.swift */; };
		D28E3C9025385794002C4BE5 /* ContentView.swift in Sources */ = {isa = PBXBuildFile; fileRef = D28E3C8F25385794002C4BE5 /* ContentView.swift */; };
		D28E3C9225385797002C4BE5 /* Assets.xcassets in Resources */ = {isa = PBXBuildFile; fileRef = D28E3C9125385797002C4BE5 /* Assets.xcassets */; };
		D28E3C9525385797002C4BE5 /* Preview Assets.xcassets in Resources */ = {isa = PBXBuildFile; fileRef = D28E3C9425385797002C4BE5 /* Preview Assets.xcassets */; };
		D28E3CA225385F32002C4BE5 /* AddActivity.swift in Sources */ = {isa = PBXBuildFile; fileRef = D28E3CA125385F32002C4BE5 /* AddActivity.swift */; };
		D28E3CA525386548002C4BE5 /* ShowActivity.swift in Sources */ = {isa = PBXBuildFile; fileRef = D28E3CA425386548002C4BE5 /* ShowActivity.swift */; };
/* End PBXBuildFile section */

/* Begin PBXFileReference section */
		D28E3C8A25385794002C4BE5 /* TrackIt.app */ = {isa = PBXFileReference; explicitFileType = wrapper.application; includeInIndex = 0; path = TrackIt.app; sourceTree = BUILT_PRODUCTS_DIR; };
		D28E3C8D25385794002C4BE5 /* TrackItApp.swift */ = {isa = PBXFileReference; lastKnownFileType = sourcecode.swift; path = TrackItApp.swift; sourceTree = "<group>"; };
		D28E3C8F25385794002C4BE5 /* ContentView.swift */ = {isa = PBXFileReference; lastKnownFileType = sourcecode.swift; path = ContentView.swift; sourceTree = "<group>"; };
		D28E3C9125385797002C4BE5 /* Assets.xcassets */ = {isa = PBXFileReference; lastKnownFileType = folder.assetcatalog; path = Assets.xcassets; sourceTree = "<group>"; };
		D28E3C9425385797002C4BE5 /* Preview Assets.xcassets */ = {isa = PBXFileReference; lastKnownFileType = folder.assetcatalog; path = "Preview Assets.xcassets"; sourceTree = "<group>"; };
		D28E3C9625385797002C4BE5 /* Info.plist */ = {isa = PBXFileReference; lastKnownFileType = text.plist.xml; path = Info.plist; sourceTree = "<group>"; };
		D28E3CA125385F32002C4BE5 /* AddActivity.swift */ = {isa = PBXFileReference; lastKnownFileType = sourcecode.swift; path = AddActivity.swift; sourceTree = "<group>"; };
		D28E3CA425386548002C4BE5 /* ShowActivity.swift */ = {isa = PBXFileReference; lastKnownFileType = sourcecode.swift; path = ShowActivity.swift; sourceTree = "<group>"; };
/* End PBXFileReference section */

/* Begin PBXFrameworksBuildPhase section */
		D28E3C8725385794002C4BE5 /* Frameworks */ = {
			isa = PBXFrameworksBuildPhase;
			buildActionMask = 2147483647;
			files = (
			);
			runOnlyForDeploymentPostprocessing = 0;
		};
/* End PBXFrameworksBuildPhase section */

/* Begin PBXGroup section */
		D28E3C8125385794002C4BE5 = {
			isa = PBXGroup;
			children = (
				D28E3C8C25385794002C4BE5 /* TrackIt */,
				D28E3C8B25385794002C4BE5 /* Products */,
			);
			sourceTree = "<group>";
		};
		D28E3C8B25385794002C4BE5 /* Products */ = {
			isa = PBXGroup;
			children = (
				D28E3C8A25385794002C4BE5 /* TrackIt.app */,
			);
			name = Products;
			sourceTree = "<group>";
		};
		D28E3C8C25385794002C4BE5 /* TrackIt */ = {
			isa = PBXGroup;
			children = (
				D28E3C8D25385794002C4BE5 /* TrackItApp.swift */,
				D28E3C8F25385794002C4BE5 /* ContentView.swift */,
				D28E3CA125385F32002C4BE5 /* AddActivity.swift */,
				D28E3CA425386548002C4BE5 /* ShowActivity.swift */,
				D28E3C9125385797002C4BE5 /* Assets.xcassets */,
				D28E3C9625385797002C4BE5 /* Info.plist */,
				D28E3C9325385797002C4BE5 /* Preview Content */,
			);
			path = TrackIt;
			sourceTree = "<group>";
		};
		D28E3C9325385797002C4BE5 /* Preview Content */ = {
			isa = PBXGroup;
			children = (
				D28E3C9425385797002C4BE5 /* Preview Assets.xcassets */,
			);
			path = "Preview Content";
			sourceTree = "<group>";
		};
/* End PBXGroup section */

/* Begin PBXNativeTarget section */
		D28E3C8925385794002C4BE5 /* TrackIt */ = {
			isa = PBXNativeTarget;
			buildConfigurationList = D28E3C9925385797002C4BE5 /* Build configuration list for PBXNativeTarget "TrackIt" */;
			buildPhases = (
				D28E3C8625385794002C4BE5 /* Sources */,
				D28E3C8725385794002C4BE5 /* Frameworks */,
				D28E3C8825385794002C4BE5 /* Resources */,
			);
			buildRules = (
			);
			dependencies = (
			);
			name = TrackIt;
			productName = TrackIt;
			productReference = D28E3C8A25385794002C4BE5 /* TrackIt.app */;
			productType = "com.apple.product-type.application";
		};
/* End PBXNativeTarget section */

/* Begin PBXProject section */
		D28E3C8225385794002C4BE5 /* Project object */ = {
			isa = PBXProject;
			attributes = {
				LastSwiftUpdateCheck = 1200;
				LastUpgradeCheck = 1200;
				TargetAttributes = {
					D28E3C8925385794002C4BE5 = {
						CreatedOnToolsVersion = 12.0.1;
					};
				};
			};
			buildConfigurationList = D28E3C8525385794002C4BE5 /* Build configuration list for PBXProject "TrackIt" */;
			compatibilityVersion = "Xcode 9.3";
			developmentRegion = en;
			hasScannedForEncodings = 0;
			knownRegions = (
				en,
				Base,
			);
			mainGroup = D28E3C8125385794002C4BE5;
			productRefGroup = D28E3C8B25385794002C4BE5 /* Products */;
			projectDirPath = "";
			projectRoot = "";
			targets = (
				D28E3C8925385794002C4BE5 /* TrackIt */,
			);
		};
/* End PBXProject section */

/* Begin PBXResourcesBuildPhase section */
		D28E3C8825385794002C4BE5 /* Resources */ = {
			isa = PBXResourcesBuildPhase;
			buildActionMask = 2147483647;
			files = (
				D28E3C9525385797002C4BE5 /* Preview Assets.xcassets in Resources */,
				D28E3C9225385797002C4BE5 /* Assets.xcassets in Resources */,
			);
			runOnlyForDeploymentPostprocessing = 0;
		};
/* End PBXResourcesBuildPhase section */

/* Begin PBXSourcesBuildPhase section */
		D28E3C8625385794002C4BE5 /* Sources */ = {
			isa = PBXSourcesBuildPhase;
			buildActionMask = 2147483647;
			files = (
				D28E3C9025385794002C4BE5 /* ContentView.swift in Sources */,
				D28E3CA225385F32002C4BE5 /* AddActivity.swift in Sources */,
				D28E3C8E25385794002C4BE5 /* TrackItApp.swift in Sources */,
				D28E3CA525386548002C4BE5 /* ShowActivity.swift in Sources */,
			);
			runOnlyForDeploymentPostprocessing = 0;
		};
/* End PBXSourcesBuildPhase section */

/* Begin XCBuildConfiguration section */
		D28E3C9725385797002C4BE5 /* Debug */ = {
			isa = XCBuildConfiguration;
			buildSettings = {
				ALWAYS_SEARCH_USER_PATHS = NO;
				CLANG_ANALYZER_NONNULL = YES;
				CLANG_ANALYZER_NUMBER_OBJECT_CONVERSION = YES_AGGRESSIVE;
				CLANG_CXX_LANGUAGE_STANDARD = "gnu++14";
				CLANG_CXX_LIBRARY = "libc++";
				CLANG_ENABLE_MODULES = YES;
				CLANG_ENABLE_OBJC_ARC = YES;
				CLANG_ENABLE_OBJC_WEAK = YES;
				CLANG_WARN_BLOCK_CAPTURE_AUTORELEASING = YES;
				CLANG_WARN_BOOL_CONVERSION = YES;
				CLANG_WARN_COMMA = YES;
				CLANG_WARN_CONSTANT_CONVERSION = YES;
				CLANG_WARN_DEPRECATED_OBJC_IMPLEMENTATIONS = YES;
				CLANG_WARN_DIRECT_OBJC_ISA_USAGE = YES_ERROR;
				CLANG_WARN_DOCUMENTATION_COMMENTS = YES;
				CLANG_WARN_EMPTY_BODY = YES;
				CLANG_WARN_ENUM_CONVERSION = YES;
				CLANG_WARN_INFINITE_RECURSION = YES;
				CLANG_WARN_INT_CONVERSION = YES;
				CLANG_WARN_NON_LITERAL_NULL_CONVERSION = YES;
				CLANG_WARN_OBJC_IMPLICIT_RETAIN_SELF = YES;
				CLANG_WARN_OBJC_LITERAL_CONVERSION = YES;
				CLANG_WARN_OBJC_ROOT_CLASS = YES_ERROR;
				CLANG_WARN_QUOTED_INCLUDE_IN_FRAMEWORK_HEADER = YES;
				CLANG_WARN_RANGE_LOOP_ANALYSIS = YES;
				CLANG_WARN_STRICT_PROTOTYPES = YES;
				CLANG_WARN_SUSPICIOUS_MOVE = YES;
				CLANG_WARN_UNGUARDED_AVAILABILITY = YES_AGGRESSIVE;
				CLANG_WARN_UNREACHABLE_CODE = YES;
				CLANG_WARN__DUPLICATE_METHOD_MATCH = YES;
				COPY_PHASE_STRIP = NO;
				DEBUG_INFORMATION_FORMAT = dwarf;
				ENABLE_STRICT_OBJC_MSGSEND = YES;
				ENABLE_TESTABILITY = YES;
				GCC_C_LANGUAGE_STANDARD = gnu11;
				GCC_DYNAMIC_NO_PIC = NO;
				GCC_NO_COMMON_BLOCKS = YES;
				GCC_OPTIMIZATION_LEVEL = 0;
				GCC_PREPROCESSOR_DEFINITIONS = (
					"DEBUG=1",
					"$(inherited)",
				);
				GCC_WARN_64_TO_32_BIT_CONVERSION = YES;
				GCC_WARN_ABOUT_RETURN_TYPE = YES_ERROR;
				GCC_WARN_UNDECLARED_SELECTOR = YES;
				GCC_WARN_UNINITIALIZED_AUTOS = YES_AGGRESSIVE;
				GCC_WARN_UNUSED_FUNCTION = YES;
				GCC_WARN_UNUSED_VARIABLE = YES;
				IPHONEOS_DEPLOYMENT_TARGET = 14.0;
				MTL_ENABLE_DEBUG_INFO = INCLUDE_SOURCE;
				MTL_FAST_MATH = YES;
				ONLY_ACTIVE_ARCH = YES;
				SDKROOT = iphoneos;
				SWIFT_ACTIVE_COMPILATION_CONDITIONS = DEBUG;
				SWIFT_OPTIMIZATION_LEVEL = "-Onone";
			};
			name = Debug;
		};
		D28E3C9825385797002C4BE5 /* Release */ = {
			isa = XCBuildConfiguration;
			buildSettings = {
				ALWAYS_SEARCH_USER_PATHS = NO;
				CLANG_ANALYZER_NONNULL = YES;
				CLANG_ANALYZER_NUMBER_OBJECT_CONVERSION = YES_AGGRESSIVE;
				CLANG_CXX_LANGUAGE_STANDARD = "gnu++14";
				CLANG_CXX_LIBRARY = "libc++";
				CLANG_ENABLE_MODULES = YES;
				CLANG_ENABLE_OBJC_ARC = YES;
				CLANG_ENABLE_OBJC_WEAK = YES;
				CLANG_WARN_BLOCK_CAPTURE_AUTORELEASING = YES;
				CLANG_WARN_BOOL_CONVERSION = YES;
				CLANG_WARN_COMMA = YES;
				CLANG_WARN_CONSTANT_CONVERSION = YES;
				CLANG_WARN_DEPRECATED_OBJC_IMPLEMENTATIONS = YES;
				CLANG_WARN_DIRECT_OBJC_ISA_USAGE = YES_ERROR;
				CLANG_WARN_DOCUMENTATION_COMMENTS = YES;
				CLANG_WARN_EMPTY_BODY = YES;
				CLANG_WARN_ENUM_CONVERSION = YES;
				CLANG_WARN_INFINITE_RECURSION = YES;
				CLANG_WARN_INT_CONVERSION = YES;
				CLANG_WARN_NON_LITERAL_NULL_CONVERSION = YES;
				CLANG_WARN_OBJC_IMPLICIT_RETAIN_SELF = YES;
				CLANG_WARN_OBJC_LITERAL_CONVERSION = YES;
				CLANG_WARN_OBJC_ROOT_CLASS = YES_ERROR;
				CLANG_WARN_QUOTED_INCLUDE_IN_FRAMEWORK_HEADER = YES;
				CLANG_WARN_RANGE_LOOP_ANALYSIS = YES;
				CLANG_WARN_STRICT_PROTOTYPES = YES;
				CLANG_WARN_SUSPICIOUS_MOVE = YES;
				CLANG_WARN_UNGUARDED_AVAILABILITY = YES_AGGRESSIVE;
				CLANG_WARN_UNREACHABLE_CODE = YES;
				CLANG_WARN__DUPLICATE_METHOD_MATCH = YES;
				COPY_PHASE_STRIP = NO;
				DEBUG_INFORMATION_FORMAT = "dwarf-with-dsym";
				ENABLE_NS_ASSERTIONS = NO;
				ENABLE_STRICT_OBJC_MSGSEND = YES;
				GCC_C_LANGUAGE_STANDARD = gnu11;
				GCC_NO_COMMON_BLOCKS = YES;
				GCC_WARN_64_TO_32_BIT_CONVERSION = YES;
				GCC_WARN_ABOUT_RETURN_TYPE = YES_ERROR;
				GCC_WARN_UNDECLARED_SELECTOR = YES;
				GCC_WARN_UNINITIALIZED_AUTOS = YES_AGGRESSIVE;
				GCC_WARN_UNUSED_FUNCTION = YES;
				GCC_WARN_UNUSED_VARIABLE = YES;
				IPHONEOS_DEPLOYMENT_TARGET = 14.0;
				MTL_ENABLE_DEBUG_INFO = NO;
				MTL_FAST_MATH = YES;
				SDKROOT = iphoneos;
				SWIFT_COMPILATION_MODE = wholemodule;
				SWIFT_OPTIMIZATION_LEVEL = "-O";
				VALIDATE_PRODUCT = YES;
			};
			name = Release;
		};
		D28E3C9A25385797002C4BE5 /* Debug */ = {
			isa = XCBuildConfiguration;
			buildSettings = {
				ASSETCATALOG_COMPILER_APPICON_NAME = AppIcon;
				ASSETCATALOG_COMPILER_GLOBAL_ACCENT_COLOR_NAME = AccentColor;
				CODE_SIGN_STYLE = Automatic;
				DEVELOPMENT_ASSET_PATHS = "\"TrackIt/Preview Content\"";
				DEVELOPMENT_TEAM = ZNJLA663G8;
				ENABLE_PREVIEWS = YES;
				INFOPLIST_FILE = TrackIt/Info.plist;
				IPHONEOS_DEPLOYMENT_TARGET = 14.0;
				LD_RUNPATH_SEARCH_PATHS = (
					"$(inherited)",
					"@executable_path/Frameworks",
				);
				PRODUCT_BUNDLE_IDENTIFIER = com.midnightnoon.TrackIt;
				PRODUCT_NAME = "$(TARGET_NAME)";
				SWIFT_VERSION = 5.0;
				TARGETED_DEVICE_FAMILY = "1,2";
			};
			name = Debug;
		};
		D28E3C9B25385797002C4BE5 /* Release */ = {
			isa = XCBuildConfiguration;
			buildSettings = {
				ASSETCATALOG_COMPILER_APPICON_NAME = AppIcon;
				ASSETCATALOG_COMPILER_GLOBAL_ACCENT_COLOR_NAME = AccentColor;
				CODE_SIGN_STYLE = Automatic;
				DEVELOPMENT_ASSET_PATHS = "\"TrackIt/Preview Content\"";
				DEVELOPMENT_TEAM = ZNJLA663G8;
				ENABLE_PREVIEWS = YES;
				INFOPLIST_FILE = TrackIt/Info.plist;
				IPHONEOS_DEPLOYMENT_TARGET = 14.0;
				LD_RUNPATH_SEARCH_PATHS = (
					"$(inherited)",
					"@executable_path/Frameworks",
				);
				PRODUCT_BUNDLE_IDENTIFIER = com.midnightnoon.TrackIt;
				PRODUCT_NAME = "$(TARGET_NAME)";
				SWIFT_VERSION = 5.0;
				TARGETED_DEVICE_FAMILY = "1,2";
			};
			name = Release;
		};
/* End XCBuildConfiguration section */

/* Begin XCConfigurationList section */
		D28E3C8525385794002C4BE5 /* Build configuration list for PBXProject "TrackIt" */ = {
			isa = XCConfigurationList;
			buildConfigurations = (
				D28E3C9725385797002C4BE5 /* Debug */,
				D28E3C9825385797002C4BE5 /* Release */,
			);
			defaultConfigurationIsVisible = 0;
			defaultConfigurationName = Release;
		};
		D28E3C9925385797002C4BE5 /* Build configuration list for PBXNativeTarget "TrackIt" */ = {
			isa = XCConfigurationList;
			buildConfigurations = (
				D28E3C9A25385797002C4BE5 /* Debug */,
				D28E3C9B25385797002C4BE5 /* Release */,
			);
			defaultConfigurationIsVisible = 0;
			defaultConfigurationName = Release;
		};
/* End XCConfigurationList section */
	};
	rootObject = D28E3C8225385794002C4BE5 /* Project object */;
}
